# This file is automatically @generated by Cargo.
# It is not intended for manual editing.
[[package]]
name = "allnations"
version = "0.1.3"
dependencies = [
 "once_cell",
]

[[package]]
name = "once_cell"
version = "1.4.0"
source = "registry+https://github.com/rust-lang/crates.io-index"
checksum = "0b631f7e854af39a1739f401cf34a8a013dfe09eac4fa4dba91e9768bd28168d"
